
Microsoft Visual Studio Solution File, Format Version 12.00
# Visual Studio Version 16
VisualStudioVersion = 16.0.31229.75
MinimumVisualStudioVersion = 10.0.40219.1
Project("{FAE04EC0-301F-11D3-BF4B-00C04F79EFBC}") = "LauncherForMinecraft", "LauncherForMinecraft.csproj", "{C7BFA9DF-42A5-4976-AF67-DCDA982137BC}"
EndProject
Project("{2150E333-8FDC-42A3-9474-1A3956D46DE8}") = "Solution Items", "Solution Items", "{22F81915-8324-4B4B-AAA6-CA97896F91E5}"
	ProjectSection(SolutionItems) = preProject
		Class1.cs = Class1.cs
	EndProjectSection
EndProject
Global
	GlobalSection(SolutionConfigurationPlatforms) = preSolution
		Debug|Any CPU = Debug|Any CPU
		Release|Any CPU = Release|Any CPU
	EndGlobalSection
	GlobalSection(ProjectConfigurationPlatforms) = postSolution
		{C7BFA9DF-42A5-4976-AF67-DCDA982137BC}.Debug|Any CPU.ActiveCfg = Debug|Any CPU
		{C7BFA9DF-42A5-4976-AF67-DCDA982137BC}.Debug|Any CPU.Build.0 = Debug|Any CPU
		{C7BFA9DF-42A5-4976-AF67-DCDA982137BC}.Release|Any CPU.ActiveCfg = Release|Any CPU
		{C7BFA9DF-42A5-4976-AF67-DCDA982137BC}.Release|Any CPU.Build.0 = Release|Any CPU
	EndGlobalSection
	GlobalSection(SolutionProperties) = preSolution
		HideSolutionNode = FALSE
	EndGlobalSection
	GlobalSection(ExtensibilityGlobals) = postSolution
		SolutionGuid = {6655FB4C-7996-4901-97DF-D2E211426A32}
	EndGlobalSection
EndGlobal
